<Solution>
  <Folder Name="/src/">
    <Project Path="src/ServiceFlow.Api/ServiceFlow.Api.csproj" />
    <Project Path="src/ServiceFlow.Core/ServiceFlow.Core.csproj" />
  </Folder>
  <Folder Name="/tests/">
    <Project Path="tests/ServiceFlow.Core.Tests/ServiceFlow.Core.Tests.csproj" />
  </Folder>
</Solution>
